
Microsoft Visual Studio Solution File, Format Version 12.00
Project("{FAE04EC0-301F-11D3-BF4B-00C04F79EFBC}") = "UrlInterceptor", "UrlInterceptor\UrlInterceptor.csproj", "{A705BBB5-3409-4A09-B893-D1A273DB38EC}"
EndProject
Global
	GlobalSection(SolutionConfigurationPlatforms) = preSolution
		Debug|Any CPU = Debug|Any CPU
		Release|Any CPU = Release|Any CPU
	EndGlobalSection
	GlobalSection(ProjectConfigurationPlatforms) = postSolution
		{A705BBB5-3409-4A09-B893-D1A273DB38EC}.Debug|Any CPU.ActiveCfg = Debug|Any CPU
		{A705BBB5-3409-4A09-B893-D1A273DB38EC}.Debug|Any CPU.Build.0 = Debug|Any CPU
		{A705BBB5-3409-4A09-B893-D1A273DB38EC}.Release|Any CPU.ActiveCfg = Release|Any CPU
		{A705BBB5-3409-4A09-B893-D1A273DB38EC}.Release|Any CPU.Build.0 = Release|Any CPU
	EndGlobalSection
EndGlobal
